// !$*UTF8*$!
{
	archiveVersion = 1;
	classes = {
	};
	objectVersion = 46;
	objects = {

/* Begin PBXBuildFile section */
		461F72781CC8708A003B3C2D /* AppDelegate.swift in Sources */ = {isa = PBXBuildFile; fileRef = 461F72771CC8708A003B3C2D /* AppDelegate.swift */; };
		461F72821CC8708A003B3C2D /* LaunchScreen.storyboard in Resources */ = {isa = PBXBuildFile; fileRef = 461F72801CC8708A003B3C2D /* LaunchScreen.storyboard */; };
		461F728D1CC8708B003B3C2D /* iExpressTests.swift in Sources */ = {isa = PBXBuildFile; fileRef = 461F728C1CC8708B003B3C2D /* iExpressTests.swift */; };
		461F72981CC8708B003B3C2D /* iExpressUITests.swift in Sources */ = {isa = PBXBuildFile; fileRef = 461F72971CC8708B003B3C2D /* iExpressUITests.swift */; };
		461F72BA1CC87BE0003B3C2D /* MainVCSettings.json in Resources */ = {isa = PBXBuildFile; fileRef = 461F72B81CC87BE0003B3C2D /* MainVCSettings.json */; };
		461F72BD1CC87D59003B3C2D /* UIColor+Category.swift in Sources */ = {isa = PBXBuildFile; fileRef = 461F72BC1CC87D59003B3C2D /* UIColor+Category.swift */; };
		461F72C81CC90FB3003B3C2D /* UIBarButtonItem+Category.swift in Sources */ = {isa = PBXBuildFile; fileRef = 461F72C71CC90FB3003B3C2D /* UIBarButtonItem+Category.swift */; };
		461F72CA1CC91650003B3C2D /* Assets.xcassets in Resources */ = {isa = PBXBuildFile; fileRef = 461F72C91CC91650003B3C2D /* Assets.xcassets */; };
		461F72D31CC9E687003B3C2D /* MyNavigationController.swift in Sources */ = {isa = PBXBuildFile; fileRef = 461F72D21CC9E687003B3C2D /* MyNavigationController.swift */; };
		461F72D71CCDBDC8003B3C2D /* String+Category.swift in Sources */ = {isa = PBXBuildFile; fileRef = 461F72D61CCDBDC8003B3C2D /* String+Category.swift */; };
		461F72DD1CCDF723003B3C2D /* Character+Category.swift in Sources */ = {isa = PBXBuildFile; fileRef = 461F72DC1CCDF723003B3C2D /* Character+Category.swift */; };
		461F72EF1CCE250B003B3C2D /* JuheApisSDK.a in Frameworks */ = {isa = PBXBuildFile; fileRef = 461F72EE1CCE250B003B3C2D /* JuheApisSDK.a */; };
		461F72F51CCE296B003B3C2D /* libc++.1.dylib in Frameworks */ = {isa = PBXBuildFile; fileRef = 461F72E51CCE1483003B3C2D /* libc++.1.dylib */; };
		461F72F71CCE2BD4003B3C2D /* AdSupport.framework in Frameworks */ = {isa = PBXBuildFile; fileRef = 461F72F61CCE2BD4003B3C2D /* AdSupport.framework */; };
		461F72F91CCE2C1E003B3C2D /* CoreTelephony.framework in Frameworks */ = {isa = PBXBuildFile; fileRef = 461F72F81CCE2C1E003B3C2D /* CoreTelephony.framework */; };
		461F73031CCF6412003B3C2D /* express.plist in Resources */ = {isa = PBXBuildFile; fileRef = 461F73021CCF6412003B3C2D /* express.plist */; };
		4621E9B31CCF92C300A22EBF /* CheckExpressViewController.swift in Sources */ = {isa = PBXBuildFile; fileRef = 4621E9AB1CCF92C300A22EBF /* CheckExpressViewController.swift */; };
		4621E9B41CCF92C300A22EBF /* ExpressCompanyTableViewController.swift in Sources */ = {isa = PBXBuildFile; fileRef = 4621E9AC1CCF92C300A22EBF /* ExpressCompanyTableViewController.swift */; };
		4621E9B51CCF92C300A22EBF /* ExpressResultTableViewController.swift in Sources */ = {isa = PBXBuildFile; fileRef = 4621E9AD1CCF92C300A22EBF /* ExpressResultTableViewController.swift */; };
		4621E9B61CCF92C300A22EBF /* ExpressCompany.swift in Sources */ = {isa = PBXBuildFile; fileRef = 4621E9AF1CCF92C300A22EBF /* ExpressCompany.swift */; };
		4621E9B71CCF92C300A22EBF /* ExpressResult.swift in Sources */ = {isa = PBXBuildFile; fileRef = 4621E9B01CCF92C300A22EBF /* ExpressResult.swift */; };
		4621E9B81CCF92C300A22EBF /* ExpressCompanyTableViewCell.swift in Sources */ = {isa = PBXBuildFile; fileRef = 4621E9B21CCF92C300A22EBF /* ExpressCompanyTableViewCell.swift */; };
		4621E9BB1CCF92F300A22EBF /* MyExpressViewController.swift in Sources */ = {isa = PBXBuildFile; fileRef = 4621E9BA1CCF92F300A22EBF /* MyExpressViewController.swift */; };
		4621E9BE1CCF930F00A22EBF /* MainViewController.swift in Sources */ = {isa = PBXBuildFile; fileRef = 4621E9BD1CCF930F00A22EBF /* MainViewController.swift */; };
		4621E9C11CCF933A00A22EBF /* LeftMenuViewController.swift in Sources */ = {isa = PBXBuildFile; fileRef = 4621E9C01CCF933A00A22EBF /* LeftMenuViewController.swift */; };
		4621E9C41CCF935E00A22EBF /* SendExpressViewController.swift in Sources */ = {isa = PBXBuildFile; fileRef = 4621E9C31CCF935E00A22EBF /* SendExpressViewController.swift */; };
		4621E9C61CCF960800A22EBF /* UILabel+Category.swift in Sources */ = {isa = PBXBuildFile; fileRef = 4621E9C51CCF960800A22EBF /* UILabel+Category.swift */; };
		4621E9C81CCFA3B300A22EBF /* ExpressCompanyGroup.swift in Sources */ = {isa = PBXBuildFile; fileRef = 4621E9C71CCFA3B300A22EBF /* ExpressCompanyGroup.swift */; };
		4621E9CA1CD04CE600A22EBF /* QRCodeViewController.swift in Sources */ = {isa = PBXBuildFile; fileRef = 4621E9C91CD04CE600A22EBF /* QRCodeViewController.swift */; };
		D77FA797F3C06F4E0DD9F530 /* Pods_iExpress.framework in Frameworks */ = {isa = PBXBuildFile; fileRef = C4B01CED3C6FEE9EE28DE742 /* Pods_iExpress.framework */; };
/* End PBXBuildFile section */

/* Begin PBXContainerItemProxy section */
		461F72891CC8708B003B3C2D /* PBXContainerItemProxy */ = {
			isa = PBXContainerItemProxy;
			containerPortal = 461F726C1CC8708A003B3C2D /* Project object */;
			proxyType = 1;
			remoteGlobalIDString = 461F72731CC8708A003B3C2D;
			remoteInfo = iExpress;
		};
		461F72941CC8708B003B3C2D /* PBXContainerItemProxy */ = {
			isa = PBXContainerItemProxy;
			containerPortal = 461F726C1CC8708A003B3C2D /* Project object */;
			proxyType = 1;
			remoteGlobalIDString = 461F72731CC8708A003B3C2D;
			remoteInfo = iExpress;
		};
/* End PBXContainerItemProxy section */

/* Begin PBXFileReference section */
		461F72741CC8708A003B3C2D /* iExpress.app */ = {isa = PBXFileReference; explicitFileType = wrapper.application; includeInIndex = 0; path = iExpress.app; sourceTree = BUILT_PRODUCTS_DIR; };
		461F72771CC8708A003B3C2D /* AppDelegate.swift */ = {isa = PBXFileReference; lastKnownFileType = sourcecode.swift; path = AppDelegate.swift; sourceTree = "<group>"; };
		461F72811CC8708A003B3C2D /* Base */ = {isa = PBXFileReference; lastKnownFileType = file.storyboard; name = Base; path = Base.lproj/LaunchScreen.storyboard; sourceTree = "<group>"; };
		461F72831CC8708A003B3C2D /* Info.plist */ = {isa = PBXFileReference; lastKnownFileType = text.plist.xml; path = Info.plist; sourceTree = "<group>"; };
		461F72881CC8708B003B3C2D /* iExpressTests.xctest */ = {isa = PBXFileReference; explicitFileType = wrapper.cfbundle; includeInIndex = 0; path = iExpressTests.xctest; sourceTree = BUILT_PRODUCTS_DIR; };
		461F728C1CC8708B003B3C2D /* iExpressTests.swift */ = {isa = PBXFileReference; lastKnownFileType = sourcecode.swift; path = iExpressTests.swift; sourceTree = "<group>"; };
		461F728E1CC8708B003B3C2D /* Info.plist */ = {isa = PBXFileReference; lastKnownFileType = text.plist.xml; path = Info.plist; sourceTree = "<group>"; };
		461F72931CC8708B003B3C2D /* iExpressUITests.xctest */ = {isa = PBXFileReference; explicitFileType = wrapper.cfbundle; includeInIndex = 0; path = iExpressUITests.xctest; sourceTree = BUILT_PRODUCTS_DIR; };
		461F72971CC8708B003B3C2D /* iExpressUITests.swift */ = {isa = PBXFileReference; lastKnownFileType = sourcecode.swift; path = iExpressUITests.swift; sourceTree = "<group>"; };
		461F72991CC8708B003B3C2D /* Info.plist */ = {isa = PBXFileReference; lastKnownFileType = text.plist.xml; path = Info.plist; sourceTree = "<group>"; };
		461F72B81CC87BE0003B3C2D /* MainVCSettings.json */ = {isa = PBXFileReference; fileEncoding = 4; lastKnownFileType = text.json; path = MainVCSettings.json; sourceTree = "<group>"; };
		461F72BC1CC87D59003B3C2D /* UIColor+Category.swift */ = {isa = PBXFileReference; fileEncoding = 4; lastKnownFileType = sourcecode.swift; path = "UIColor+Category.swift"; sourceTree = "<group>"; };
		461F72C71CC90FB3003B3C2D /* UIBarButtonItem+Category.swift */ = {isa = PBXFileReference; fileEncoding = 4; lastKnownFileType = sourcecode.swift; path = "UIBarButtonItem+Category.swift"; sourceTree = "<group>"; };
		461F72C91CC91650003B3C2D /* Assets.xcassets */ = {isa = PBXFileReference; lastKnownFileType = folder.assetcatalog; path = Assets.xcassets; sourceTree = "<group>"; };
		461F72D21CC9E687003B3C2D /* MyNavigationController.swift */ = {isa = PBXFileReference; fileEncoding = 4; lastKnownFileType = sourcecode.swift; path = MyNavigationController.swift; sourceTree = "<group>"; };
		461F72D61CCDBDC8003B3C2D /* String+Category.swift */ = {isa = PBXFileReference; fileEncoding = 4; lastKnownFileType = sourcecode.swift; path = "String+Category.swift"; sourceTree = "<group>"; };
		461F72D81CCDBE6F003B3C2D /* iExpress-Bridging-Header.h */ = {isa = PBXFileReference; lastKnownFileType = sourcecode.c.h; path = "iExpress-Bridging-Header.h"; sourceTree = "<group>"; };
		461F72DC1CCDF723003B3C2D /* Character+Category.swift */ = {isa = PBXFileReference; fileEncoding = 4; lastKnownFileType = sourcecode.swift; path = "Character+Category.swift"; sourceTree = "<group>"; };
		461F72E51CCE1483003B3C2D /* libc++.1.dylib */ = {isa = PBXFileReference; lastKnownFileType = "compiled.mach-o.dylib"; name = "libc++.1.dylib"; path = "../../../../../usr/lib/libc++.1.dylib"; sourceTree = "<group>"; };
		461F72EC1CCE250B003B3C2D /* JHAPISDK.h */ = {isa = PBXFileReference; fileEncoding = 4; lastKnownFileType = sourcecode.c.h; path = JHAPISDK.h; sourceTree = "<group>"; };
		461F72ED1CCE250B003B3C2D /* JHOpenidSupplier.h */ = {isa = PBXFileReference; fileEncoding = 4; lastKnownFileType = sourcecode.c.h; path = JHOpenidSupplier.h; sourceTree = "<group>"; };
		461F72EE1CCE250B003B3C2D /* JuheApisSDK.a */ = {isa = PBXFileReference; lastKnownFileType = archive.ar; path = JuheApisSDK.a; sourceTree = "<group>"; };
		461F72F11CCE25D0003B3C2D /* libSystem.B.dylib */ = {isa = PBXFileReference; lastKnownFileType = "compiled.mach-o.dylib"; name = libSystem.B.dylib; path = ../../../../../usr/lib/libSystem.B.dylib; sourceTree = "<group>"; };
		461F72F61CCE2BD4003B3C2D /* AdSupport.framework */ = {isa = PBXFileReference; lastKnownFileType = wrapper.framework; name = AdSupport.framework; path = System/Library/Frameworks/AdSupport.framework; sourceTree = SDKROOT; };
		461F72F81CCE2C1E003B3C2D /* CoreTelephony.framework */ = {isa = PBXFileReference; lastKnownFileType = wrapper.framework; name = CoreTelephony.framework; path = System/Library/Frameworks/CoreTelephony.framework; sourceTree = SDKROOT; };
		461F73021CCF6412003B3C2D /* express.plist */ = {isa = PBXFileReference; lastKnownFileType = file.bplist; path = express.plist; sourceTree = "<group>"; };
		4621E9AB1CCF92C300A22EBF /* CheckExpressViewController.swift */ = {isa = PBXFileReference; fileEncoding = 4; lastKnownFileType = sourcecode.swift; path = CheckExpressViewController.swift; sourceTree = "<group>"; };
		4621E9AC1CCF92C300A22EBF /* ExpressCompanyTableViewController.swift */ = {isa = PBXFileReference; fileEncoding = 4; lastKnownFileType = sourcecode.swift; path = ExpressCompanyTableViewController.swift; sourceTree = "<group>"; };
		4621E9AD1CCF92C300A22EBF /* ExpressResultTableViewController.swift */ = {isa = PBXFileReference; fileEncoding = 4; lastKnownFileType = sourcecode.swift; path = ExpressResultTableViewController.swift; sourceTree = "<group>"; };
		4621E9AF1CCF92C300A22EBF /* ExpressCompany.swift */ = {isa = PBXFileReference; fileEncoding = 4; lastKnownFileType = sourcecode.swift; path = ExpressCompany.swift; sourceTree = "<group>"; };
		4621E9B01CCF92C300A22EBF /* ExpressResult.swift */ = {isa = PBXFileReference; fileEncoding = 4; lastKnownFileType = sourcecode.swift; path = ExpressResult.swift; sourceTree = "<group>"; };
		4621E9B21CCF92C300A22EBF /* ExpressCompanyTableViewCell.swift */ = {isa = PBXFileReference; fileEncoding = 4; lastKnownFileType = sourcecode.swift; path = ExpressCompanyTableViewCell.swift; sourceTree = "<group>"; };
		4621E9BA1CCF92F300A22EBF /* MyExpressViewController.swift */ = {isa = PBXFileReference; fileEncoding = 4; lastKnownFileType = sourcecode.swift; path = MyExpressViewController.swift; sourceTree = "<group>"; };
		4621E9BD1CCF930F00A22EBF /* MainViewController.swift */ = {isa = PBXFileReference; fileEncoding = 4; lastKnownFileType = sourcecode.swift; path = MainViewController.swift; sourceTree = "<group>"; };
		4621E9C01CCF933A00A22EBF /* LeftMenuViewController.swift */ = {isa = PBXFileReference; fileEncoding = 4; lastKnownFileType = sourcecode.swift; path = LeftMenuViewController.swift; sourceTree = "<group>"; };
		4621E9C31CCF935E00A22EBF /* SendExpressViewController.swift */ = {isa = PBXFileReference; fileEncoding = 4; lastKnownFileType = sourcecode.swift; path = SendExpressViewController.swift; sourceTree = "<group>"; };
		4621E9C51CCF960800A22EBF /* UILabel+Category.swift */ = {isa = PBXFileReference; fileEncoding = 4; lastKnownFileType = sourcecode.swift; path = "UILabel+Category.swift"; sourceTree = "<group>"; };
		4621E9C71CCFA3B300A22EBF /* ExpressCompanyGroup.swift */ = {isa = PBXFileReference; fileEncoding = 4; lastKnownFileType = sourcecode.swift; path = ExpressCompanyGroup.swift; sourceTree = "<group>"; };
		4621E9C91CD04CE600A22EBF /* QRCodeViewController.swift */ = {isa = PBXFileReference; fileEncoding = 4; lastKnownFileType = sourcecode.swift; path = QRCodeViewController.swift; sourceTree = "<group>"; };
		AD12B43ADD18FF46077F153F /* Pods-iExpress.debug.xcconfig */ = {isa = PBXFileReference; includeInIndex = 1; lastKnownFileType = text.xcconfig; name = "Pods-iExpress.debug.xcconfig"; path = "Pods/Target Support Files/Pods-iExpress/Pods-iExpress.debug.xcconfig"; sourceTree = "<group>"; };
		C4B01CED3C6FEE9EE28DE742 /* Pods_iExpress.framework */ = {isa = PBXFileReference; explicitFileType = wrapper.framework; includeInIndex = 0; path = Pods_iExpress.framework; sourceTree = BUILT_PRODUCTS_DIR; };
		D7B65E9AED7699E12ABE4D96 /* Pods-iExpress.release.xcconfig */ = {isa = PBXFileReference; includeInIndex = 1; lastKnownFileType = text.xcconfig; name = "Pods-iExpress.release.xcconfig"; path = "Pods/Target Support Files/Pods-iExpress/Pods-iExpress.release.xcconfig"; sourceTree = "<group>"; };
/* End PBXFileReference section */

/* Begin PBXFrameworksBuildPhase section */
		461F72711CC8708A003B3C2D /* Frameworks */ = {
			isa = PBXFrameworksBuildPhase;
			buildActionMask = 2147483647;
			files = (
				461F72F91CCE2C1E003B3C2D /* CoreTelephony.framework in Frameworks */,
				461F72F71CCE2BD4003B3C2D /* AdSupport.framework in Frameworks */,
				461F72F51CCE296B003B3C2D /* libc++.1.dylib in Frameworks */,
				461F72EF1CCE250B003B3C2D /* JuheApisSDK.a in Frameworks */,
				D77FA797F3C06F4E0DD9F530 /* Pods_iExpress.framework in Frameworks */,
			);
			runOnlyForDeploymentPostprocessing = 0;
		};
		461F72851CC8708B003B3C2D /* Frameworks */ = {
			isa = PBXFrameworksBuildPhase;
			buildActionMask = 2147483647;
			files = (
			);
			runOnlyForDeploymentPostprocessing = 0;
		};
		461F72901CC8708B003B3C2D /* Frameworks */ = {
			isa = PBXFrameworksBuildPhase;
			buildActionMask = 2147483647;
			files = (
			);
			runOnlyForDeploymentPostprocessing = 0;
		};
/* End PBXFrameworksBuildPhase section */

/* Begin PBXGroup section */
		461F726B1CC8708A003B3C2D = {
			isa = PBXGroup;
			children = (
				461F72761CC8708A003B3C2D /* iExpress */,
				461F728B1CC8708B003B3C2D /* iExpressTests */,
				461F72961CC8708B003B3C2D /* iExpressUITests */,
				461F72751CC8708A003B3C2D /* Products */,
				C15F1B4F8FC13DABA1DCDABC /* Pods */,
				ADE8F39FC79146BDCAD1A508 /* Frameworks */,
			);
			sourceTree = "<group>";
		};
		461F72751CC8708A003B3C2D /* Products */ = {
			isa = PBXGroup;
			children = (
				461F72741CC8708A003B3C2D /* iExpress.app */,
				461F72881CC8708B003B3C2D /* iExpressTests.xctest */,
				461F72931CC8708B003B3C2D /* iExpressUITests.xctest */,
			);
			name = Products;
			sourceTree = "<group>";
		};
		461F72761CC8708A003B3C2D /* iExpress */ = {
			isa = PBXGroup;
			children = (
				461F72771CC8708A003B3C2D /* AppDelegate.swift */,
				461F72A51CC874F2003B3C2D /* Classes */,
				461F72801CC8708A003B3C2D /* LaunchScreen.storyboard */,
				461F72C91CC91650003B3C2D /* Assets.xcassets */,
				461F73021CCF6412003B3C2D /* express.plist */,
				461F72831CC8708A003B3C2D /* Info.plist */,
			);
			path = iExpress;
			sourceTree = "<group>";
		};
		461F728B1CC8708B003B3C2D /* iExpressTests */ = {
			isa = PBXGroup;
			children = (
				461F728C1CC8708B003B3C2D /* iExpressTests.swift */,
				461F728E1CC8708B003B3C2D /* Info.plist */,
			);
			path = iExpressTests;
			sourceTree = "<group>";
		};
		461F72961CC8708B003B3C2D /* iExpressUITests */ = {
			isa = PBXGroup;
			children = (
				461F72971CC8708B003B3C2D /* iExpressUITests.swift */,
				461F72991CC8708B003B3C2D /* Info.plist */,
			);
			path = iExpressUITests;
			sourceTree = "<group>";
		};
		461F72A51CC874F2003B3C2D /* Classes */ = {
			isa = PBXGroup;
			children = (
				461F72E91CCE250B003B3C2D /* JuheApisSDK */,
				461F72BB1CC87D14003B3C2D /* Tool */,
				461F72CB1CC920F2003B3C2D /* LeftMenu */,
				461F72B51CC87BE0003B3C2D /* Main */,
				461F72A71CC874F2003B3C2D /* MyExpress */,
				4621E9A91CCF92C300A22EBF /* CheckExpress */,
				461F72A81CC874F2003B3C2D /* SendExpress */,
			);
			path = Classes;
			sourceTree = "<group>";
		};
		461F72A71CC874F2003B3C2D /* MyExpress */ = {
			isa = PBXGroup;
			children = (
				4621E9B91CCF92F300A22EBF /* Controller */,
			);
			path = MyExpress;
			sourceTree = "<group>";
		};
		461F72A81CC874F2003B3C2D /* SendExpress */ = {
			isa = PBXGroup;
			children = (
				4621E9C21CCF935E00A22EBF /* Controller */,
			);
			path = SendExpress;
			sourceTree = "<group>";
		};
		461F72B51CC87BE0003B3C2D /* Main */ = {
			isa = PBXGroup;
			children = (
				4621E9BC1CCF930F00A22EBF /* Controller */,
				461F72B71CC87BE0003B3C2D /* Resource */,
			);
			path = Main;
			sourceTree = "<group>";
		};
		461F72B71CC87BE0003B3C2D /* Resource */ = {
			isa = PBXGroup;
			children = (
				461F72B81CC87BE0003B3C2D /* MainVCSettings.json */,
			);
			path = Resource;
			sourceTree = "<group>";
		};
		461F72BB1CC87D14003B3C2D /* Tool */ = {
			isa = PBXGroup;
			children = (
				461F72BC1CC87D59003B3C2D /* UIColor+Category.swift */,
				461F72C71CC90FB3003B3C2D /* UIBarButtonItem+Category.swift */,
				461F72D61CCDBDC8003B3C2D /* String+Category.swift */,
				4621E9C51CCF960800A22EBF /* UILabel+Category.swift */,
				461F72D21CC9E687003B3C2D /* MyNavigationController.swift */,
				461F72DC1CCDF723003B3C2D /* Character+Category.swift */,
				461F72D81CCDBE6F003B3C2D /* iExpress-Bridging-Header.h */,
			);
			path = Tool;
			sourceTree = "<group>";
		};
		461F72CB1CC920F2003B3C2D /* LeftMenu */ = {
			isa = PBXGroup;
			children = (
				4621E9BF1CCF933A00A22EBF /* Controller */,
			);
			path = LeftMenu;
			sourceTree = "<group>";
		};
		461F72E91CCE250B003B3C2D /* JuheApisSDK */ = {
			isa = PBXGroup;
			children = (
				461F72EA1CCE250B003B3C2D /* include */,
				461F72EE1CCE250B003B3C2D /* JuheApisSDK.a */,
			);
			path = JuheApisSDK;
			sourceTree = "<group>";
		};
		461F72EA1CCE250B003B3C2D /* include */ = {
			isa = PBXGroup;
			children = (
				461F72EB1CCE250B003B3C2D /* JuheApisSDK */,
			);
			path = include;
			sourceTree = "<group>";
		};
		461F72EB1CCE250B003B3C2D /* JuheApisSDK */ = {
			isa = PBXGroup;
			children = (
				461F72EC1CCE250B003B3C2D /* JHAPISDK.h */,
				461F72ED1CCE250B003B3C2D /* JHOpenidSupplier.h */,
			);
			path = JuheApisSDK;
			sourceTree = "<group>";
		};
		4621E9A91CCF92C300A22EBF /* CheckExpress */ = {
			isa = PBXGroup;
			children = (
				4621E9AE1CCF92C300A22EBF /* Model */,
				4621E9B11CCF92C300A22EBF /* View */,
				4621E9AA1CCF92C300A22EBF /* Controller */,
			);
			path = CheckExpress;
			sourceTree = "<group>";
		};
		4621E9AA1CCF92C300A22EBF /* Controller */ = {
			isa = PBXGroup;
			children = (
				4621E9AB1CCF92C300A22EBF /* CheckExpressViewController.swift */,
				4621E9AC1CCF92C300A22EBF /* ExpressCompanyTableViewController.swift */,
				4621E9AD1CCF92C300A22EBF /* ExpressResultTableViewController.swift */,
				4621E9C91CD04CE600A22EBF /* QRCodeViewController.swift */,
			);
			path = Controller;
			sourceTree = "<group>";
		};
		4621E9AE1CCF92C300A22EBF /* Model */ = {
			isa = PBXGroup;
			children = (
				4621E9C71CCFA3B300A22EBF /* ExpressCompanyGroup.swift */,
				4621E9AF1CCF92C300A22EBF /* ExpressCompany.swift */,
				4621E9B01CCF92C300A22EBF /* ExpressResult.swift */,
			);
			path = Model;
			sourceTree = "<group>";
		};
		4621E9B11CCF92C300A22EBF /* View */ = {
			isa = PBXGroup;
			children = (
				4621E9B21CCF92C300A22EBF /* ExpressCompanyTableViewCell.swift */,
			);
			path = View;
			sourceTree = "<group>";
		};
		4621E9B91CCF92F300A22EBF /* Controller */ = {
			isa = PBXGroup;
			children = (
				4621E9BA1CCF92F300A22EBF /* MyExpressViewController.swift */,
			);
			path = Controller;
			sourceTree = "<group>";
		};
		4621E9BC1CCF930F00A22EBF /* Controller */ = {
			isa = PBXGroup;
			children = (
				4621E9BD1CCF930F00A22EBF /* MainViewController.swift */,
			);
			path = Controller;
			sourceTree = "<group>";
		};
		4621E9BF1CCF933A00A22EBF /* Controller */ = {
			isa = PBXGroup;
			children = (
				4621E9C01CCF933A00A22EBF /* LeftMenuViewController.swift */,
			);
			path = Controller;
			sourceTree = "<group>";
		};
		4621E9C21CCF935E00A22EBF /* Controller */ = {
			isa = PBXGroup;
			children = (
				4621E9C31CCF935E00A22EBF /* SendExpressViewController.swift */,
			);
			path = Controller;
			sourceTree = "<group>";
		};
		ADE8F39FC79146BDCAD1A508 /* Frameworks */ = {
			isa = PBXGroup;
			children = (
				461F72F81CCE2C1E003B3C2D /* CoreTelephony.framework */,
				461F72F61CCE2BD4003B3C2D /* AdSupport.framework */,
				461F72F11CCE25D0003B3C2D /* libSystem.B.dylib */,
				461F72E51CCE1483003B3C2D /* libc++.1.dylib */,
				C4B01CED3C6FEE9EE28DE742 /* Pods_iExpress.framework */,
			);
			name = Frameworks;
			sourceTree = "<group>";
		};
		C15F1B4F8FC13DABA1DCDABC /* Pods */ = {
			isa = PBXGroup;
			children = (
				AD12B43ADD18FF46077F153F /* Pods-iExpress.debug.xcconfig */,
				D7B65E9AED7699E12ABE4D96 /* Pods-iExpress.release.xcconfig */,
			);
			name = Pods;
			sourceTree = "<group>";
		};
/* End PBXGroup section */

/* Begin PBXNativeTarget section */
		461F72731CC8708A003B3C2D /* iExpress */ = {
			isa = PBXNativeTarget;
			buildConfigurationList = 461F729C1CC8708B003B3C2D /* Build configuration list for PBXNativeTarget "iExpress" */;
			buildPhases = (
				78266FE33DA8CFD8A02FC5E6 /* Check Pods Manifest.lock */,
				461F72701CC8708A003B3C2D /* Sources */,
				461F72711CC8708A003B3C2D /* Frameworks */,
				461F72721CC8708A003B3C2D /* Resources */,
				73AB925D581A867B65510D9E /* Embed Pods Frameworks */,
				DB2B9C6B64C2D9A0DA23E93E /* Copy Pods Resources */,
			);
			buildRules = (
			);
			dependencies = (
			);
			name = iExpress;
			productName = iExpress;
			productReference = 461F72741CC8708A003B3C2D /* iExpress.app */;
			productType = "com.apple.product-type.application";
		};
		461F72871CC8708B003B3C2D /* iExpressTests */ = {
			isa = PBXNativeTarget;
			buildConfigurationList = 461F729F1CC8708B003B3C2D /* Build configuration list for PBXNativeTarget "iExpressTests" */;
			buildPhases = (
				461F72841CC8708B003B3C2D /* Sources */,
				461F72851CC8708B003B3C2D /* Frameworks */,
				461F72861CC8708B003B3C2D /* Resources */,
			);
			buildRules = (
			);
			dependencies = (
				461F728A1CC8708B003B3C2D /* PBXTargetDependency */,
			);
			name = iExpressTests;
			productName = iExpressTests;
			productReference = 461F72881CC8708B003B3C2D /* iExpressTests.xctest */;
			productType = "com.apple.product-type.bundle.unit-test";
		};
		461F72921CC8708B003B3C2D /* iExpressUITests */ = {
			isa = PBXNativeTarget;
			buildConfigurationList = 461F72A21CC8708B003B3C2D /* Build configuration list for PBXNativeTarget "iExpressUITests" */;
			buildPhases = (
				461F728F1CC8708B003B3C2D /* Sources */,
				461F72901CC8708B003B3C2D /* Frameworks */,
				461F72911CC8708B003B3C2D /* Resources */,
			);
			buildRules = (
			);
			dependencies = (
				461F72951CC8708B003B3C2D /* PBXTargetDependency */,
			);
			name = iExpressUITests;
			productName = iExpressUITests;
			productReference = 461F72931CC8708B003B3C2D /* iExpressUITests.xctest */;
			productType = "com.apple.product-type.bundle.ui-testing";
		};
/* End PBXNativeTarget section */

/* Begin PBXProject section */
		461F726C1CC8708A003B3C2D /* Project object */ = {
			isa = PBXProject;
			attributes = {
				LastSwiftUpdateCheck = 0730;
				LastUpgradeCheck = 0730;
				ORGANIZATIONNAME = MichaelQiu;
				TargetAttributes = {
					461F72731CC8708A003B3C2D = {
						CreatedOnToolsVersion = 7.3;
						DevelopmentTeam = J7U4F9C52T;
					};
					461F72871CC8708B003B3C2D = {
						CreatedOnToolsVersion = 7.3;
						DevelopmentTeam = J7U4F9C52T;
						TestTargetID = 461F72731CC8708A003B3C2D;
					};
					461F72921CC8708B003B3C2D = {
						CreatedOnToolsVersion = 7.3;
						DevelopmentTeam = J7U4F9C52T;
						TestTargetID = 461F72731CC8708A003B3C2D;
					};
				};
			};
			buildConfigurationList = 461F726F1CC8708A003B3C2D /* Build configuration list for PBXProject "iExpress" */;
			compatibilityVersion = "Xcode 3.2";
			developmentRegion = English;
			hasScannedForEncodings = 0;
			knownRegions = (
				en,
				Base,
			);
			mainGroup = 461F726B1CC8708A003B3C2D;
			productRefGroup = 461F72751CC8708A003B3C2D /* Products */;
			projectDirPath = "";
			projectRoot = "";
			targets = (
				461F72731CC8708A003B3C2D /* iExpress */,
				461F72871CC8708B003B3C2D /* iExpressTests */,
				461F72921CC8708B003B3C2D /* iExpressUITests */,
			);
		};
/* End PBXProject section */

/* Begin PBXResourcesBuildPhase section */
		461F72721CC8708A003B3C2D /* Resources */ = {
			isa = PBXResourcesBuildPhase;
			buildActionMask = 2147483647;
			files = (
				461F72821CC8708A003B3C2D /* LaunchScreen.storyboard in Resources */,
				461F73031CCF6412003B3C2D /* express.plist in Resources */,
				461F72CA1CC91650003B3C2D /* Assets.xcassets in Resources */,
				461F72BA1CC87BE0003B3C2D /* MainVCSettings.json in Resources */,
			);
			runOnlyForDeploymentPostprocessing = 0;
		};
		461F72861CC8708B003B3C2D /* Resources */ = {
			isa = PBXResourcesBuildPhase;
			buildActionMask = 2147483647;
			files = (
			);
			runOnlyForDeploymentPostprocessing = 0;
		};
		461F72911CC8708B003B3C2D /* Resources */ = {
			isa = PBXResourcesBuildPhase;
			buildActionMask = 2147483647;
			files = (
			);
			runOnlyForDeploymentPostprocessing = 0;
		};
/* End PBXResourcesBuildPhase section */

/* Begin PBXShellScriptBuildPhase section */
		73AB925D581A867B65510D9E /* Embed Pods Frameworks */ = {
			isa = PBXShellScriptBuildPhase;
			buildActionMask = 2147483647;
			files = (
			);
			inputPaths = (
			);
			name = "Embed Pods Frameworks";
			outputPaths = (
			);
			runOnlyForDeploymentPostprocessing = 0;
			shellPath = /bin/sh;
			shellScript = "\"${SRCROOT}/Pods/Target Support Files/Pods-iExpress/Pods-iExpress-frameworks.sh\"\n";
			showEnvVarsInLog = 0;
		};
		78266FE33DA8CFD8A02FC5E6 /* Check Pods Manifest.lock */ = {
			isa = PBXShellScriptBuildPhase;
			buildActionMask = 2147483647;
			files = (
			);
			inputPaths = (
			);
			name = "Check Pods Manifest.lock";
			outputPaths = (
			);
			runOnlyForDeploymentPostprocessing = 0;
			shellPath = /bin/sh;
			shellScript = "diff \"${PODS_ROOT}/../Podfile.lock\" \"${PODS_ROOT}/Manifest.lock\" > /dev/null\nif [[ $? != 0 ]] ; then\n    cat << EOM\nerror: The sandbox is not in sync with the Podfile.lock. Run 'pod install' or update your CocoaPods installation.\nEOM\n    exit 1\nfi\n";
			showEnvVarsInLog = 0;
		};
		DB2B9C6B64C2D9A0DA23E93E /* Copy Pods Resources */ = {
			isa = PBXShellScriptBuildPhase;
			buildActionMask = 2147483647;
			files = (
			);
			inputPaths = (
			);
			name = "Copy Pods Resources";
			outputPaths = (
			);
			runOnlyForDeploymentPostprocessing = 0;
			shellPath = /bin/sh;
			shellScript = "\"${SRCROOT}/Pods/Target Support Files/Pods-iExpress/Pods-iExpress-resources.sh\"\n";
			showEnvVarsInLog = 0;
		};
/* End PBXShellScriptBuildPhase section */

/* Begin PBXSourcesBuildPhase section */
		461F72701CC8708A003B3C2D /* Sources */ = {
			isa = PBXSourcesBuildPhase;
			buildActionMask = 2147483647;
			files = (
				4621E9B81CCF92C300A22EBF /* ExpressCompanyTableViewCell.swift in Sources */,
				461F72C81CC90FB3003B3C2D /* UIBarButtonItem+Category.swift in Sources */,
				461F72D71CCDBDC8003B3C2D /* String+Category.swift in Sources */,
				4621E9B61CCF92C300A22EBF /* ExpressCompany.swift in Sources */,
				4621E9B31CCF92C300A22EBF /* CheckExpressViewController.swift in Sources */,
				461F72DD1CCDF723003B3C2D /* Character+Category.swift in Sources */,
				4621E9C11CCF933A00A22EBF /* LeftMenuViewController.swift in Sources */,
				461F72781CC8708A003B3C2D /* AppDelegate.swift in Sources */,
				4621E9BE1CCF930F00A22EBF /* MainViewController.swift in Sources */,
				4621E9BB1CCF92F300A22EBF /* MyExpressViewController.swift in Sources */,
				461F72D31CC9E687003B3C2D /* MyNavigationController.swift in Sources */,
				461F72BD1CC87D59003B3C2D /* UIColor+Category.swift in Sources */,
				4621E9B41CCF92C300A22EBF /* ExpressCompanyTableViewController.swift in Sources */,
				4621E9C61CCF960800A22EBF /* UILabel+Category.swift in Sources */,
				4621E9C41CCF935E00A22EBF /* SendExpressViewController.swift in Sources */,
				4621E9B71CCF92C300A22EBF /* ExpressResult.swift in Sources */,
				4621E9CA1CD04CE600A22EBF /* QRCodeViewController.swift in Sources */,
				4621E9C81CCFA3B300A22EBF /* ExpressCompanyGroup.swift in Sources */,
				4621E9B51CCF92C300A22EBF /* ExpressResultTableViewController.swift in Sources */,
			);
			runOnlyForDeploymentPostprocessing = 0;
		};
		461F72841CC8708B003B3C2D /* Sources */ = {
			isa = PBXSourcesBuildPhase;
			buildActionMask = 2147483647;
			files = (
				461F728D1CC8708B003B3C2D /* iExpressTests.swift in Sources */,
			);
			runOnlyForDeploymentPostprocessing = 0;
		};
		461F728F1CC8708B003B3C2D /* Sources */ = {
			isa = PBXSourcesBuildPhase;
			buildActionMask = 2147483647;
			files = (
				461F72981CC8708B003B3C2D /* iExpressUITests.swift in Sources */,
			);
			runOnlyForDeploymentPostprocessing = 0;
		};
/* End PBXSourcesBuildPhase section */

/* Begin PBXTargetDependency section */
		461F728A1CC8708B003B3C2D /* PBXTargetDependency */ = {
			isa = PBXTargetDependency;
			target = 461F72731CC8708A003B3C2D /* iExpress */;
			targetProxy = 461F72891CC8708B003B3C2D /* PBXContainerItemProxy */;
		};
		461F72951CC8708B003B3C2D /* PBXTargetDependency */ = {
			isa = PBXTargetDependency;
			target = 461F72731CC8708A003B3C2D /* iExpress */;
			targetProxy = 461F72941CC8708B003B3C2D /* PBXContainerItemProxy */;
		};
/* End PBXTargetDependency section */

/* Begin PBXVariantGroup section */
		461F72801CC8708A003B3C2D /* LaunchScreen.storyboard */ = {
			isa = PBXVariantGroup;
			children = (
				461F72811CC8708A003B3C2D /* Base */,
			);
			name = LaunchScreen.storyboard;
			sourceTree = "<group>";
		};
/* End PBXVariantGroup section */

/* Begin XCBuildConfiguration section */
		461F729A1CC8708B003B3C2D /* Debug */ = {
			isa = XCBuildConfiguration;
			buildSettings = {
				ALWAYS_SEARCH_USER_PATHS = NO;
				CLANG_ANALYZER_NONNULL = YES;
				CLANG_CXX_LANGUAGE_STANDARD = "gnu++0x";
				CLANG_CXX_LIBRARY = "libc++";
				CLANG_ENABLE_MODULES = YES;
				CLANG_ENABLE_OBJC_ARC = YES;
				CLANG_WARN_BOOL_CONVERSION = YES;
				CLANG_WARN_CONSTANT_CONVERSION = YES;
				CLANG_WARN_DIRECT_OBJC_ISA_USAGE = YES_ERROR;
				CLANG_WARN_EMPTY_BODY = YES;
				CLANG_WARN_ENUM_CONVERSION = YES;
				CLANG_WARN_INT_CONVERSION = YES;
				CLANG_WARN_OBJC_ROOT_CLASS = YES_ERROR;
				CLANG_WARN_UNREACHABLE_CODE = YES;
				CLANG_WARN__DUPLICATE_METHOD_MATCH = YES;
				"CODE_SIGN_IDENTITY[sdk=iphoneos*]" = "iPhone Developer";
				COPY_PHASE_STRIP = NO;
				DEBUG_INFORMATION_FORMAT = dwarf;
				ENABLE_BITCODE = NO;
				ENABLE_STRICT_OBJC_MSGSEND = YES;
				ENABLE_TESTABILITY = YES;
				GCC_C_LANGUAGE_STANDARD = gnu99;
				GCC_DYNAMIC_NO_PIC = NO;
				GCC_NO_COMMON_BLOCKS = YES;
				GCC_OPTIMIZATION_LEVEL = 0;
				GCC_PREPROCESSOR_DEFINITIONS = (
					"DEBUG=1",
					"$(inherited)",
				);
				GCC_WARN_64_TO_32_BIT_CONVERSION = YES;
				GCC_WARN_ABOUT_RETURN_TYPE = YES_ERROR;
				GCC_WARN_UNDECLARED_SELECTOR = YES;
				GCC_WARN_UNINITIALIZED_AUTOS = YES_AGGRESSIVE;
				GCC_WARN_UNUSED_FUNCTION = YES;
				GCC_WARN_UNUSED_VARIABLE = YES;
				IPHONEOS_DEPLOYMENT_TARGET = 9.3;
				MTL_ENABLE_DEBUG_INFO = YES;
				ONLY_ACTIVE_ARCH = YES;
				SDKROOT = iphoneos;
				SWIFT_OPTIMIZATION_LEVEL = "-Onone";
				VALID_ARCHS = "arm64 armv7 armv7s x86_64";
			};
			name = Debug;
		};
		461F729B1CC8708B003B3C2D /* Release */ = {
			isa = XCBuildConfiguration;
			buildSettings = {
				ALWAYS_SEARCH_USER_PATHS = NO;
				CLANG_ANALYZER_NONNULL = YES;
				CLANG_CXX_LANGUAGE_STANDARD = "gnu++0x";
				CLANG_CXX_LIBRARY = "libc++";
				CLANG_ENABLE_MODULES = YES;
				CLANG_ENABLE_OBJC_ARC = YES;
				CLANG_WARN_BOOL_CONVERSION = YES;
				CLANG_WARN_CONSTANT_CONVERSION = YES;
				CLANG_WARN_DIRECT_OBJC_ISA_USAGE = YES_ERROR;
				CLANG_WARN_EMPTY_BODY = YES;
				CLANG_WARN_ENUM_CONVERSION = YES;
				CLANG_WARN_INT_CONVERSION = YES;
				CLANG_WARN_OBJC_ROOT_CLASS = YES_ERROR;
				CLANG_WARN_UNREACHABLE_CODE = YES;
				CLANG_WARN__DUPLICATE_METHOD_MATCH = YES;
				"CODE_SIGN_IDENTITY[sdk=iphoneos*]" = "iPhone Developer";
				COPY_PHASE_STRIP = NO;
				DEBUG_INFORMATION_FORMAT = "dwarf-with-dsym";
				ENABLE_BITCODE = NO;
				ENABLE_NS_ASSERTIONS = NO;
				ENABLE_STRICT_OBJC_MSGSEND = YES;
				GCC_C_LANGUAGE_STANDARD = gnu99;
				GCC_NO_COMMON_BLOCKS = YES;
				GCC_WARN_64_TO_32_BIT_CONVERSION = YES;
				GCC_WARN_ABOUT_RETURN_TYPE = YES_ERROR;
				GCC_WARN_UNDECLARED_SELECTOR = YES;
				GCC_WARN_UNINITIALIZED_AUTOS = YES_AGGRESSIVE;
				GCC_WARN_UNUSED_FUNCTION = YES;
				GCC_WARN_UNUSED_VARIABLE = YES;
				IPHONEOS_DEPLOYMENT_TARGET = 9.3;
				MTL_ENABLE_DEBUG_INFO = NO;
				SDKROOT = iphoneos;
				VALIDATE_PRODUCT = YES;
				VALID_ARCHS = "arm64 armv7 armv7s x86_64";
			};
			name = Release;
		};
		461F729D1CC8708B003B3C2D /* Debug */ = {
			isa = XCBuildConfiguration;
			baseConfigurationReference = AD12B43ADD18FF46077F153F /* Pods-iExpress.debug.xcconfig */;
			buildSettings = {
				ASSETCATALOG_COMPILER_APPICON_NAME = AppIcon;
				CLANG_ENABLE_MODULES = YES;
				INFOPLIST_FILE = iExpress/Info.plist;
				LD_RUNPATH_SEARCH_PATHS = "$(inherited) @executable_path/Frameworks";
				LIBRARY_SEARCH_PATHS = (
					"$(inherited)",
					"$(PROJECT_DIR)/iExpress/Classes/Tool/JuheApisSDK",
					"$(PROJECT_DIR)/iExpress/Classes/Tool/JuheApisSDK/include",
					"$(PROJECT_DIR)/iExpress/Classes/JuheApisSDK",
				);
				PRODUCT_BUNDLE_IDENTIFIER = cn.michaelqiu.iOS.iExpress;
				PRODUCT_NAME = "$(TARGET_NAME)";
				SWIFT_OBJC_BRIDGING_HEADER = "iExpress/Classes/Tool/iExpress-Bridging-Header.h";
				SWIFT_OPTIMIZATION_LEVEL = "-Onone";
			};
			name = Debug;
		};
		461F729E1CC8708B003B3C2D /* Release */ = {
			isa = XCBuildConfiguration;
			baseConfigurationReference = D7B65E9AED7699E12ABE4D96 /* Pods-iExpress.release.xcconfig */;
			buildSettings = {
				ASSETCATALOG_COMPILER_APPICON_NAME = AppIcon;
				CLANG_ENABLE_MODULES = YES;
				INFOPLIST_FILE = iExpress/Info.plist;
				LD_RUNPATH_SEARCH_PATHS = "$(inherited) @executable_path/Frameworks";
				LIBRARY_SEARCH_PATHS = (
					"$(inherited)",
					"$(PROJECT_DIR)/iExpress/Classes/Tool/JuheApisSDK",
					"$(PROJECT_DIR)/iExpress/Classes/Tool/JuheApisSDK/include",
					"$(PROJECT_DIR)/iExpress/Classes/JuheApisSDK",
				);
				PRODUCT_BUNDLE_IDENTIFIER = cn.michaelqiu.iOS.iExpress;
				PRODUCT_NAME = "$(TARGET_NAME)";
				SWIFT_OBJC_BRIDGING_HEADER = "iExpress/Classes/Tool/iExpress-Bridging-Header.h";
			};
			name = Release;
		};
		461F72A01CC8708B003B3C2D /* Debug */ = {
			isa = XCBuildConfiguration;
			buildSettings = {
				BUNDLE_LOADER = "$(TEST_HOST)";
				INFOPLIST_FILE = iExpressTests/Info.plist;
				LD_RUNPATH_SEARCH_PATHS = "$(inherited) @executable_path/Frameworks @loader_path/Frameworks";
				PRODUCT_BUNDLE_IDENTIFIER = cn.michaelqiu.iOS.iExpressTests;
				PRODUCT_NAME = "$(TARGET_NAME)";
				TEST_HOST = "$(BUILT_PRODUCTS_DIR)/iExpress.app/iExpress";
			};
			name = Debug;
		};
		461F72A11CC8708B003B3C2D /* Release */ = {
			isa = XCBuildConfiguration;
			buildSettings = {
				BUNDLE_LOADER = "$(TEST_HOST)";
				INFOPLIST_FILE = iExpressTests/Info.plist;
				LD_RUNPATH_SEARCH_PATHS = "$(inherited) @executable_path/Frameworks @loader_path/Frameworks";
				PRODUCT_BUNDLE_IDENTIFIER = cn.michaelqiu.iOS.iExpressTests;
				PRODUCT_NAME = "$(TARGET_NAME)";
				TEST_HOST = "$(BUILT_PRODUCTS_DIR)/iExpress.app/iExpress";
			};
			name = Release;
		};
		461F72A31CC8708B003B3C2D /* Debug */ = {
			isa = XCBuildConfiguration;
			buildSettings = {
				INFOPLIST_FILE = iExpressUITests/Info.plist;
				LD_RUNPATH_SEARCH_PATHS = "$(inherited) @executable_path/Frameworks @loader_path/Frameworks";
				PRODUCT_BUNDLE_IDENTIFIER = cn.michaelqiu.iOS.iExpressUITests;
				PRODUCT_NAME = "$(TARGET_NAME)";
				TEST_TARGET_NAME = iExpress;
			};
			name = Debug;
		};
		461F72A41CC8708B003B3C2D /* Release */ = {
			isa = XCBuildConfiguration;
			buildSettings = {
				INFOPLIST_FILE = iExpressUITests/Info.plist;
				LD_RUNPATH_SEARCH_PATHS = "$(inherited) @executable_path/Frameworks @loader_path/Frameworks";
				PRODUCT_BUNDLE_IDENTIFIER = cn.michaelqiu.iOS.iExpressUITests;
				PRODUCT_NAME = "$(TARGET_NAME)";
				TEST_TARGET_NAME = iExpress;
			};
			name = Release;
		};
/* End XCBuildConfiguration section */

/* Begin XCConfigurationList section */
		461F726F1CC8708A003B3C2D /* Build configuration list for PBXProject "iExpress" */ = {
			isa = XCConfigurationList;
			buildConfigurations = (
				461F729A1CC8708B003B3C2D /* Debug */,
				461F729B1CC8708B003B3C2D /* Release */,
			);
			defaultConfigurationIsVisible = 0;
			defaultConfigurationName = Release;
		};
		461F729C1CC8708B003B3C2D /* Build configuration list for PBXNativeTarget "iExpress" */ = {
			isa = XCConfigurationList;
			buildConfigurations = (
				461F729D1CC8708B003B3C2D /* Debug */,
				461F729E1CC8708B003B3C2D /* Release */,
			);
			defaultConfigurationIsVisible = 0;
			defaultConfigurationName = Release;
		};
		461F729F1CC8708B003B3C2D /* Build configuration list for PBXNativeTarget "iExpressTests" */ = {
			isa = XCConfigurationList;
			buildConfigurations = (
				461F72A01CC8708B003B3C2D /* Debug */,
				461F72A11CC8708B003B3C2D /* Release */,
			);
			defaultConfigurationIsVisible = 0;
			defaultConfigurationName = Release;
		};
		461F72A21CC8708B003B3C2D /* Build configuration list for PBXNativeTarget "iExpressUITests" */ = {
			isa = XCConfigurationList;
			buildConfigurations = (
				461F72A31CC8708B003B3C2D /* Debug */,
				461F72A41CC8708B003B3C2D /* Release */,
			);
			defaultConfigurationIsVisible = 0;
			defaultConfigurationName = Release;
		};
/* End XCConfigurationList section */
	};
	rootObject = 461F726C1CC8708A003B3C2D /* Project object */;
}
